
Microsoft Visual Studio Solution File, Format Version 12.00
# Visual Studio Version 16
VisualStudioVersion = 16.0.31613.86
MinimumVisualStudioVersion = 10.0.40219.1
Project("{FAE04EC0-301F-11D3-BF4B-00C04F79EFBC}") = "WebApplication21", "WebApplication21\WebApplication21.csproj", "{415A64E6-0D9B-41D2-BCAB-F30B56312978}"
EndProject
Project("{FAE04EC0-301F-11D3-BF4B-00C04F79EFBC}") = "FileUpload.Data", "FileUpload.Data\FileUpload.Data.csproj", "{7164F286-7839-4B38-8B2E-FAB44ADEF3CC}"
EndProject
Global
	GlobalSection(SolutionConfigurationPlatforms) = preSolution
		Debug|Any CPU = Debug|Any CPU
		Release|Any CPU = Release|Any CPU
	EndGlobalSection
	GlobalSection(ProjectConfigurationPlatforms) = postSolution
		{415A64E6-0D9B-41D2-BCAB-F30B56312978}.Debug|Any CPU.ActiveCfg = Debug|Any CPU
		{415A64E6-0D9B-41D2-BCAB-F30B56312978}.Debug|Any CPU.Build.0 = Debug|Any CPU
		{415A64E6-0D9B-41D2-BCAB-F30B56312978}.Release|Any CPU.ActiveCfg = Release|Any CPU
		{415A64E6-0D9B-41D2-BCAB-F30B56312978}.Release|Any CPU.Build.0 = Release|Any CPU
		{7164F286-7839-4B38-8B2E-FAB44ADEF3CC}.Debug|Any CPU.ActiveCfg = Debug|Any CPU
		{7164F286-7839-4B38-8B2E-FAB44ADEF3CC}.Debug|Any CPU.Build.0 = Debug|Any CPU
		{7164F286-7839-4B38-8B2E-FAB44ADEF3CC}.Release|Any CPU.ActiveCfg = Release|Any CPU
		{7164F286-7839-4B38-8B2E-FAB44ADEF3CC}.Release|Any CPU.Build.0 = Release|Any CPU
	EndGlobalSection
	GlobalSection(SolutionProperties) = preSolution
		HideSolutionNode = FALSE
	EndGlobalSection
	GlobalSection(ExtensibilityGlobals) = postSolution
		SolutionGuid = {2FE98D56-D4C3-4B40-BE2E-22B00439DAEF}
	EndGlobalSection
EndGlobal
